// !$*UTF8*$!
{
	archiveVersion = 1;
	classes = {
	};
	objectVersion = 46;
	objects = {

/* Begin PBXBuildFile section */
		9EB1544D1D955F0D0090E64E /* AppDelegate.swift in Sources */ = {isa = PBXBuildFile; fileRef = 9EB1544C1D955F0D0090E64E /* AppDelegate.swift */; };
		9EB1544F1D955F0D0090E64E /* ViewController.swift in Sources */ = {isa = PBXBuildFile; fileRef = 9EB1544E1D955F0D0090E64E /* ViewController.swift */; };
		9EB154521D955F0D0090E64E /* Main.storyboard in Resources */ = {isa = PBXBuildFile; fileRef = 9EB154501D955F0D0090E64E /* Main.storyboard */; };
		9EB154541D955F0D0090E64E /* Assets.xcassets in Resources */ = {isa = PBXBuildFile; fileRef = 9EB154531D955F0D0090E64E /* Assets.xcassets */; };
		9EB154571D955F0D0090E64E /* LaunchScreen.storyboard in Resources */ = {isa = PBXBuildFile; fileRef = 9EB154551D955F0D0090E64E /* LaunchScreen.storyboard */; };
		9EB154621D955F0E0090E64E /* HelloWorldTests.swift in Sources */ = {isa = PBXBuildFile; fileRef = 9EB154611D955F0E0090E64E /* HelloWorldTests.swift */; };
		9EB1546D1D955F0E0090E64E /* HelloWorldUITests.swift in Sources */ = {isa = PBXBuildFile; fileRef = 9EB1546C1D955F0E0090E64E /* HelloWorldUITests.swift */; };
/* End PBXBuildFile section */

/* Begin PBXContainerItemProxy section */
		9EB1545E1D955F0D0090E64E /* PBXContainerItemProxy */ = {
			isa = PBXContainerItemProxy;
			containerPortal = 9EB154411D955F0D0090E64E /* Project object */;
			proxyType = 1;
			remoteGlobalIDString = 9EB154481D955F0D0090E64E;
			remoteInfo = HelloWorld;
		};
		9EB154691D955F0E0090E64E /* PBXContainerItemProxy */ = {
			isa = PBXContainerItemProxy;
			containerPortal = 9EB154411D955F0D0090E64E /* Project object */;
			proxyType = 1;
			remoteGlobalIDString = 9EB154481D955F0D0090E64E;
			remoteInfo = HelloWorld;
		};
/* End PBXContainerItemProxy section */

/* Begin PBXFileReference section */
		9EB154491D955F0D0090E64E /* HelloWorld.app */ = {isa = PBXFileReference; explicitFileType = wrapper.application; includeInIndex = 0; path = HelloWorld.app; sourceTree = BUILT_PRODUCTS_DIR; };
		9EB1544C1D955F0D0090E64E /* AppDelegate.swift */ = {isa = PBXFileReference; lastKnownFileType = sourcecode.swift; path = AppDelegate.swift; sourceTree = "<group>"; };
		9EB1544E1D955F0D0090E64E /* ViewController.swift */ = {isa = PBXFileReference; lastKnownFileType = sourcecode.swift; path = ViewController.swift; sourceTree = "<group>"; };
		9EB154511D955F0D0090E64E /* Base */ = {isa = PBXFileReference; lastKnownFileType = file.storyboard; name = Base; path = Base.lproj/Main.storyboard; sourceTree = "<group>"; };
		9EB154531D955F0D0090E64E /* Assets.xcassets */ = {isa = PBXFileReference; lastKnownFileType = folder.assetcatalog; path = Assets.xcassets; sourceTree = "<group>"; };
		9EB154561D955F0D0090E64E /* Base */ = {isa = PBXFileReference; lastKnownFileType = file.storyboard; name = Base; path = Base.lproj/LaunchScreen.storyboard; sourceTree = "<group>"; };
		9EB154581D955F0D0090E64E /* Info.plist */ = {isa = PBXFileReference; lastKnownFileType = text.plist.xml; path = Info.plist; sourceTree = "<group>"; };
		9EB1545D1D955F0D0090E64E /* HelloWorldTests.xctest */ = {isa = PBXFileReference; explicitFileType = wrapper.cfbundle; includeInIndex = 0; path = HelloWorldTests.xctest; sourceTree = BUILT_PRODUCTS_DIR; };
		9EB154611D955F0E0090E64E /* HelloWorldTests.swift */ = {isa = PBXFileReference; lastKnownFileType = sourcecode.swift; path = HelloWorldTests.swift; sourceTree = "<group>"; };
		9EB154631D955F0E0090E64E /* Info.plist */ = {isa = PBXFileReference; lastKnownFileType = text.plist.xml; path = Info.plist; sourceTree = "<group>"; };
		9EB154681D955F0E0090E64E /* HelloWorldUITests.xctest */ = {isa = PBXFileReference; explicitFileType = wrapper.cfbundle; includeInIndex = 0; path = HelloWorldUITests.xctest; sourceTree = BUILT_PRODUCTS_DIR; };
		9EB1546C1D955F0E0090E64E /* HelloWorldUITests.swift */ = {isa = PBXFileReference; lastKnownFileType = sourcecode.swift; path = HelloWorldUITests.swift; sourceTree = "<group>"; };
		9EB1546E1D955F0E0090E64E /* Info.plist */ = {isa = PBXFileReference; lastKnownFileType = text.plist.xml; path = Info.plist; sourceTree = "<group>"; };
/* End PBXFileReference section */

/* Begin PBXFrameworksBuildPhase section */
		9EB154461D955F0D0090E64E /* Frameworks */ = {
			isa = PBXFrameworksBuildPhase;
			buildActionMask = 2147483647;
			files = (
			);
			runOnlyForDeploymentPostprocessing = 0;
		};
		9EB1545A1D955F0D0090E64E /* Frameworks */ = {
			isa = PBXFrameworksBuildPhase;
			buildActionMask = 2147483647;
			files = (
			);
			runOnlyForDeploymentPostprocessing = 0;
		};
		9EB154651D955F0E0090E64E /* Frameworks */ = {
			isa = PBXFrameworksBuildPhase;
			buildActionMask = 2147483647;
			files = (
			);
			runOnlyForDeploymentPostprocessing = 0;
		};
/* End PBXFrameworksBuildPhase section */

/* Begin PBXGroup section */
		9EB154401D955F0C0090E64E = {
			isa = PBXGroup;
			children = (
				9EB1544B1D955F0D0090E64E /* HelloWorld */,
				9EB154601D955F0E0090E64E /* HelloWorldTests */,
				9EB1546B1D955F0E0090E64E /* HelloWorldUITests */,
				9EB1544A1D955F0D0090E64E /* Products */,
			);
			sourceTree = "<group>";
		};
		9EB1544A1D955F0D0090E64E /* Products */ = {
			isa = PBXGroup;
			children = (
				9EB154491D955F0D0090E64E /* HelloWorld.app */,
				9EB1545D1D955F0D0090E64E /* HelloWorldTests.xctest */,
				9EB154681D955F0E0090E64E /* HelloWorldUITests.xctest */,
			);
			name = Products;
			sourceTree = "<group>";
		};
		9EB1544B1D955F0D0090E64E /* HelloWorld */ = {
			isa = PBXGroup;
			children = (
				9EB1544C1D955F0D0090E64E /* AppDelegate.swift */,
				9EB1544E1D955F0D0090E64E /* ViewController.swift */,
				9EB154501D955F0D0090E64E /* Main.storyboard */,
				9EB154531D955F0D0090E64E /* Assets.xcassets */,
				9EB154551D955F0D0090E64E /* LaunchScreen.storyboard */,
				9EB154581D955F0D0090E64E /* Info.plist */,
			);
			path = HelloWorld;
			sourceTree = "<group>";
		};
		9EB154601D955F0E0090E64E /* HelloWorldTests */ = {
			isa = PBXGroup;
			children = (
				9EB154611D955F0E0090E64E /* HelloWorldTests.swift */,
				9EB154631D955F0E0090E64E /* Info.plist */,
			);
			path = HelloWorldTests;
			sourceTree = "<group>";
		};
		9EB1546B1D955F0E0090E64E /* HelloWorldUITests */ = {
			isa = PBXGroup;
			children = (
				9EB1546C1D955F0E0090E64E /* HelloWorldUITests.swift */,
				9EB1546E1D955F0E0090E64E /* Info.plist */,
			);
			path = HelloWorldUITests;
			sourceTree = "<group>";
		};
/* End PBXGroup section */

/* Begin PBXNativeTarget section */
		9EB154481D955F0D0090E64E /* HelloWorld */ = {
			isa = PBXNativeTarget;
			buildConfigurationList = 9EB154711D955F0E0090E64E /* Build configuration list for PBXNativeTarget "HelloWorld" */;
			buildPhases = (
				9EB154451D955F0D0090E64E /* Sources */,
				9EB154461D955F0D0090E64E /* Frameworks */,
				9EB154471D955F0D0090E64E /* Resources */,
			);
			buildRules = (
			);
			dependencies = (
			);
			name = HelloWorld;
			productName = HelloWorld;
			productReference = 9EB154491D955F0D0090E64E /* HelloWorld.app */;
			productType = "com.apple.product-type.application";
		};
		9EB1545C1D955F0D0090E64E /* HelloWorldTests */ = {
			isa = PBXNativeTarget;
			buildConfigurationList = 9EB154741D955F0E0090E64E /* Build configuration list for PBXNativeTarget "HelloWorldTests" */;
			buildPhases = (
				9EB154591D955F0D0090E64E /* Sources */,
				9EB1545A1D955F0D0090E64E /* Frameworks */,
				9EB1545B1D955F0D0090E64E /* Resources */,
			);
			buildRules = (
			);
			dependencies = (
				9EB1545F1D955F0D0090E64E /* PBXTargetDependency */,
			);
			name = HelloWorldTests;
			productName = HelloWorldTests;
			productReference = 9EB1545D1D955F0D0090E64E /* HelloWorldTests.xctest */;
			productType = "com.apple.product-type.bundle.unit-test";
		};
		9EB154671D955F0E0090E64E /* HelloWorldUITests */ = {
			isa = PBXNativeTarget;
			buildConfigurationList = 9EB154771D955F0E0090E64E /* Build configuration list for PBXNativeTarget "HelloWorldUITests" */;
			buildPhases = (
				9EB154641D955F0E0090E64E /* Sources */,
				9EB154651D955F0E0090E64E /* Frameworks */,
				9EB154661D955F0E0090E64E /* Resources */,
			);
			buildRules = (
			);
			dependencies = (
				9EB1546A1D955F0E0090E64E /* PBXTargetDependency */,
			);
			name = HelloWorldUITests;
			productName = HelloWorldUITests;
			productReference = 9EB154681D955F0E0090E64E /* HelloWorldUITests.xctest */;
			productType = "com.apple.product-type.bundle.ui-testing";
		};
/* End PBXNativeTarget section */

/* Begin PBXProject section */
		9EB154411D955F0D0090E64E /* Project object */ = {
			isa = PBXProject;
			attributes = {
				LastSwiftUpdateCheck = 0800;
				LastUpgradeCheck = 0800;
				ORGANIZATIONNAME = "Douglas Hartill";
				TargetAttributes = {
					9EB154481D955F0D0090E64E = {
						CreatedOnToolsVersion = 8.0;
						DevelopmentTeam = LBZWXYJ5CU;
						ProvisioningStyle = Automatic;
					};
					9EB1545C1D955F0D0090E64E = {
						CreatedOnToolsVersion = 8.0;
						DevelopmentTeam = LBZWXYJ5CU;
						ProvisioningStyle = Automatic;
						TestTargetID = 9EB154481D955F0D0090E64E;
					};
					9EB154671D955F0E0090E64E = {
						CreatedOnToolsVersion = 8.0;
						DevelopmentTeam = LBZWXYJ5CU;
						ProvisioningStyle = Automatic;
						TestTargetID = 9EB154481D955F0D0090E64E;
					};
				};
			};
			buildConfigurationList = 9EB154441D955F0D0090E64E /* Build configuration list for PBXProject "HelloWorld" */;
			compatibilityVersion = "Xcode 3.2";
			developmentRegion = English;
			hasScannedForEncodings = 0;
			knownRegions = (
				en,
				Base,
			);
			mainGroup = 9EB154401D955F0C0090E64E;
			productRefGroup = 9EB1544A1D955F0D0090E64E /* Products */;
			projectDirPath = "";
			projectRoot = "";
			targets = (
				9EB154481D955F0D0090E64E /* HelloWorld */,
				9EB1545C1D955F0D0090E64E /* HelloWorldTests */,
				9EB154671D955F0E0090E64E /* HelloWorldUITests */,
			);
		};
/* End PBXProject section */

/* Begin PBXResourcesBuildPhase section */
		9EB154471D955F0D0090E64E /* Resources */ = {
			isa = PBXResourcesBuildPhase;
			buildActionMask = 2147483647;
			files = (
				9EB154571D955F0D0090E64E /* LaunchScreen.storyboard in Resources */,
				9EB154541D955F0D0090E64E /* Assets.xcassets in Resources */,
				9EB154521D955F0D0090E64E /* Main.storyboard in Resources */,
			);
			runOnlyForDeploymentPostprocessing = 0;
		};
		9EB1545B1D955F0D0090E64E /* Resources */ = {
			isa = PBXResourcesBuildPhase;
			buildActionMask = 2147483647;
			files = (
			);
			runOnlyForDeploymentPostprocessing = 0;
		};
		9EB154661D955F0E0090E64E /* Resources */ = {
			isa = PBXResourcesBuildPhase;
			buildActionMask = 2147483647;
			files = (
			);
			runOnlyForDeploymentPostprocessing = 0;
		};
/* End PBXResourcesBuildPhase section */

/* Begin PBXSourcesBuildPhase section */
		9EB154451D955F0D0090E64E /* Sources */ = {
			isa = PBXSourcesBuildPhase;
			buildActionMask = 2147483647;
			files = (
				9EB1544F1D955F0D0090E64E /* ViewController.swift in Sources */,
				9EB1544D1D955F0D0090E64E /* AppDelegate.swift in Sources */,
			);
			runOnlyForDeploymentPostprocessing = 0;
		};
		9EB154591D955F0D0090E64E /* Sources */ = {
			isa = PBXSourcesBuildPhase;
			buildActionMask = 2147483647;
			files = (
				9EB154621D955F0E0090E64E /* HelloWorldTests.swift in Sources */,
			);
			runOnlyForDeploymentPostprocessing = 0;
		};
		9EB154641D955F0E0090E64E /* Sources */ = {
			isa = PBXSourcesBuildPhase;
			buildActionMask = 2147483647;
			files = (
				9EB1546D1D955F0E0090E64E /* HelloWorldUITests.swift in Sources */,
			);
			runOnlyForDeploymentPostprocessing = 0;
		};
/* End PBXSourcesBuildPhase section */

/* Begin PBXTargetDependency section */
		9EB1545F1D955F0D0090E64E /* PBXTargetDependency */ = {
			isa = PBXTargetDependency;
			target = 9EB154481D955F0D0090E64E /* HelloWorld */;
			targetProxy = 9EB1545E1D955F0D0090E64E /* PBXContainerItemProxy */;
		};
		9EB1546A1D955F0E0090E64E /* PBXTargetDependency */ = {
			isa = PBXTargetDependency;
			target = 9EB154481D955F0D0090E64E /* HelloWorld */;
			targetProxy = 9EB154691D955F0E0090E64E /* PBXContainerItemProxy */;
		};
/* End PBXTargetDependency section */

/* Begin PBXVariantGroup section */
		9EB154501D955F0D0090E64E /* Main.storyboard */ = {
			isa = PBXVariantGroup;
			children = (
				9EB154511D955F0D0090E64E /* Base */,
			);
			name = Main.storyboard;
			sourceTree = "<group>";
		};
		9EB154551D955F0D0090E64E /* LaunchScreen.storyboard */ = {
			isa = PBXVariantGroup;
			children = (
				9EB154561D955F0D0090E64E /* Base */,
			);
			name = LaunchScreen.storyboard;
			sourceTree = "<group>";
		};
/* End PBXVariantGroup section */

/* Begin XCBuildConfiguration section */
		9EB1546F1D955F0E0090E64E /* Debug */ = {
			isa = XCBuildConfiguration;
			buildSettings = {
				ALWAYS_SEARCH_USER_PATHS = NO;
				CLANG_ANALYZER_NONNULL = YES;
				CLANG_CXX_LANGUAGE_STANDARD = "gnu++0x";
				CLANG_CXX_LIBRARY = "libc++";
				CLANG_ENABLE_MODULES = YES;
				CLANG_ENABLE_OBJC_ARC = YES;
				CLANG_WARN_BOOL_CONVERSION = YES;
				CLANG_WARN_CONSTANT_CONVERSION = YES;
				CLANG_WARN_DIRECT_OBJC_ISA_USAGE = YES_ERROR;
				CLANG_WARN_DOCUMENTATION_COMMENTS = YES;
				CLANG_WARN_EMPTY_BODY = YES;
				CLANG_WARN_ENUM_CONVERSION = YES;
				CLANG_WARN_INFINITE_RECURSION = YES;
				CLANG_WARN_INT_CONVERSION = YES;
				CLANG_WARN_OBJC_ROOT_CLASS = YES_ERROR;
				CLANG_WARN_SUSPICIOUS_MOVES = YES;
				CLANG_WARN_UNREACHABLE_CODE = YES;
				CLANG_WARN__DUPLICATE_METHOD_MATCH = YES;
				"CODE_SIGN_IDENTITY[sdk=iphoneos*]" = "iPhone Developer";
				COPY_PHASE_STRIP = NO;
				DEBUG_INFORMATION_FORMAT = dwarf;
				ENABLE_STRICT_OBJC_MSGSEND = YES;
				ENABLE_TESTABILITY = YES;
				GCC_C_LANGUAGE_STANDARD = gnu99;
				GCC_DYNAMIC_NO_PIC = NO;
				GCC_NO_COMMON_BLOCKS = YES;
				GCC_OPTIMIZATION_LEVEL = 0;
				GCC_PREPROCESSOR_DEFINITIONS = (
					"DEBUG=1",
					"$(inherited)",
				);
				GCC_WARN_64_TO_32_BIT_CONVERSION = YES;
				GCC_WARN_ABOUT_RETURN_TYPE = YES_ERROR;
				GCC_WARN_UNDECLARED_SELECTOR = YES;
				GCC_WARN_UNINITIALIZED_AUTOS = YES_AGGRESSIVE;
				GCC_WARN_UNUSED_FUNCTION = YES;
				GCC_WARN_UNUSED_VARIABLE = YES;
				IPHONEOS_DEPLOYMENT_TARGET = 10.0;
				MTL_ENABLE_DEBUG_INFO = YES;
				ONLY_ACTIVE_ARCH = YES;
				SDKROOT = iphoneos;
				SWIFT_ACTIVE_COMPILATION_CONDITIONS = DEBUG;
				SWIFT_OPTIMIZATION_LEVEL = "-Onone";
			};
			name = Debug;
		};
		9EB154701D955F0E0090E64E /* Release */ = {
			isa = XCBuildConfiguration;
			buildSettings = {
				ALWAYS_SEARCH_USER_PATHS = NO;
				CLANG_ANALYZER_NONNULL = YES;
				CLANG_CXX_LANGUAGE_STANDARD = "gnu++0x";
				CLANG_CXX_LIBRARY = "libc++";
				CLANG_ENABLE_MODULES = YES;
				CLANG_ENABLE_OBJC_ARC = YES;
				CLANG_WARN_BOOL_CONVERSION = YES;
				CLANG_WARN_CONSTANT_CONVERSION = YES;
				CLANG_WARN_DIRECT_OBJC_ISA_USAGE = YES_ERROR;
				CLANG_WARN_DOCUMENTATION_COMMENTS = YES;
				CLANG_WARN_EMPTY_BODY = YES;
				CLANG_WARN_ENUM_CONVERSION = YES;
				CLANG_WARN_INFINITE_RECURSION = YES;
				CLANG_WARN_INT_CONVERSION = YES;
				CLANG_WARN_OBJC_ROOT_CLASS = YES_ERROR;
				CLANG_WARN_SUSPICIOUS_MOVES = YES;
				CLANG_WARN_UNREACHABLE_CODE = YES;
				CLANG_WARN__DUPLICATE_METHOD_MATCH = YES;
				"CODE_SIGN_IDENTITY[sdk=iphoneos*]" = "iPhone Developer";
				COPY_PHASE_STRIP = NO;
				DEBUG_INFORMATION_FORMAT = "dwarf-with-dsym";
				ENABLE_NS_ASSERTIONS = NO;
				ENABLE_STRICT_OBJC_MSGSEND = YES;
				GCC_C_LANGUAGE_STANDARD = gnu99;
				GCC_NO_COMMON_BLOCKS = YES;
				GCC_WARN_64_TO_32_BIT_CONVERSION = YES;
				GCC_WARN_ABOUT_RETURN_TYPE = YES_ERROR;
				GCC_WARN_UNDECLARED_SELECTOR = YES;
				GCC_WARN_UNINITIALIZED_AUTOS = YES_AGGRESSIVE;
				GCC_WARN_UNUSED_FUNCTION = YES;
				GCC_WARN_UNUSED_VARIABLE = YES;
				IPHONEOS_DEPLOYMENT_TARGET = 10.0;
				MTL_ENABLE_DEBUG_INFO = NO;
				SDKROOT = iphoneos;
				SWIFT_OPTIMIZATION_LEVEL = "-Owholemodule";
				VALIDATE_PRODUCT = YES;
			};
			name = Release;
		};
		9EB154721D955F0E0090E64E /* Debug */ = {
			isa = XCBuildConfiguration;
			buildSettings = {
				ASSETCATALOG_COMPILER_APPICON_NAME = AppIcon;
				DEVELOPMENT_TEAM = LBZWXYJ5CU;
				INFOPLIST_FILE = HelloWorld/Info.plist;
				LD_RUNPATH_SEARCH_PATHS = "$(inherited) @executable_path/Frameworks";
				PRODUCT_BUNDLE_IDENTIFIER = Hart3.HelloWorld;
				PRODUCT_NAME = "$(TARGET_NAME)";
				SWIFT_VERSION = 3.0;
			};
			name = Debug;
		};
		9EB154731D955F0E0090E64E /* Release */ = {
			isa = XCBuildConfiguration;
			buildSettings = {
				ASSETCATALOG_COMPILER_APPICON_NAME = AppIcon;
				DEVELOPMENT_TEAM = LBZWXYJ5CU;
				INFOPLIST_FILE = HelloWorld/Info.plist;
				LD_RUNPATH_SEARCH_PATHS = "$(inherited) @executable_path/Frameworks";
				PRODUCT_BUNDLE_IDENTIFIER = Hart3.HelloWorld;
				PRODUCT_NAME = "$(TARGET_NAME)";
				SWIFT_VERSION = 3.0;
			};
			name = Release;
		};
		9EB154751D955F0E0090E64E /* Debug */ = {
			isa = XCBuildConfiguration;
			buildSettings = {
				ALWAYS_EMBED_SWIFT_STANDARD_LIBRARIES = YES;
				BUNDLE_LOADER = "$(TEST_HOST)";
				DEVELOPMENT_TEAM = LBZWXYJ5CU;
				INFOPLIST_FILE = HelloWorldTests/Info.plist;
				LD_RUNPATH_SEARCH_PATHS = "$(inherited) @executable_path/Frameworks @loader_path/Frameworks";
				PRODUCT_BUNDLE_IDENTIFIER = Hart3.HelloWorldTests;
				PRODUCT_NAME = "$(TARGET_NAME)";
				SWIFT_VERSION = 3.0;
				TEST_HOST = "$(BUILT_PRODUCTS_DIR)/HelloWorld.app/HelloWorld";
			};
			name = Debug;
		};
		9EB154761D955F0E0090E64E /* Release */ = {
			isa = XCBuildConfiguration;
			buildSettings = {
				ALWAYS_EMBED_SWIFT_STANDARD_LIBRARIES = YES;
				BUNDLE_LOADER = "$(TEST_HOST)";
				DEVELOPMENT_TEAM = LBZWXYJ5CU;
				INFOPLIST_FILE = HelloWorldTests/Info.plist;
				LD_RUNPATH_SEARCH_PATHS = "$(inherited) @executable_path/Frameworks @loader_path/Frameworks";
				PRODUCT_BUNDLE_IDENTIFIER = Hart3.HelloWorldTests;
				PRODUCT_NAME = "$(TARGET_NAME)";
				SWIFT_VERSION = 3.0;
				TEST_HOST = "$(BUILT_PRODUCTS_DIR)/HelloWorld.app/HelloWorld";
			};
			name = Release;
		};
		9EB154781D955F0E0090E64E /* Debug */ = {
			isa = XCBuildConfiguration;
			buildSettings = {
				ALWAYS_EMBED_SWIFT_STANDARD_LIBRARIES = YES;
				DEVELOPMENT_TEAM = LBZWXYJ5CU;
				INFOPLIST_FILE = HelloWorldUITests/Info.plist;
				LD_RUNPATH_SEARCH_PATHS = "$(inherited) @executable_path/Frameworks @loader_path/Frameworks";
				PRODUCT_BUNDLE_IDENTIFIER = Hart3.HelloWorldUITests;
				PRODUCT_NAME = "$(TARGET_NAME)";
				SWIFT_VERSION = 3.0;
				TEST_TARGET_NAME = HelloWorld;
			};
			name = Debug;
		};
		9EB154791D955F0E0090E64E /* Release */ = {
			isa = XCBuildConfiguration;
			buildSettings = {
				ALWAYS_EMBED_SWIFT_STANDARD_LIBRARIES = YES;
				DEVELOPMENT_TEAM = LBZWXYJ5CU;
				INFOPLIST_FILE = HelloWorldUITests/Info.plist;
				LD_RUNPATH_SEARCH_PATHS = "$(inherited) @executable_path/Frameworks @loader_path/Frameworks";
				PRODUCT_BUNDLE_IDENTIFIER = Hart3.HelloWorldUITests;
				PRODUCT_NAME = "$(TARGET_NAME)";
				SWIFT_VERSION = 3.0;
				TEST_TARGET_NAME = HelloWorld;
			};
			name = Release;
		};
/* End XCBuildConfiguration section */

/* Begin XCConfigurationList section */
		9EB154441D955F0D0090E64E /* Build configuration list for PBXProject "HelloWorld" */ = {
			isa = XCConfigurationList;
			buildConfigurations = (
				9EB1546F1D955F0E0090E64E /* Debug */,
				9EB154701D955F0E0090E64E /* Release */,
			);
			defaultConfigurationIsVisible = 0;
			defaultConfigurationName = Release;
		};
		9EB154711D955F0E0090E64E /* Build configuration list for PBXNativeTarget "HelloWorld" */ = {
			isa = XCConfigurationList;
			buildConfigurations = (
				9EB154721D955F0E0090E64E /* Debug */,
				9EB154731D955F0E0090E64E /* Release */,
			);
			defaultConfigurationIsVisible = 0;
		};
		9EB154741D955F0E0090E64E /* Build configuration list for PBXNativeTarget "HelloWorldTests" */ = {
			isa = XCConfigurationList;
			buildConfigurations = (
				9EB154751D955F0E0090E64E /* Debug */,
				9EB154761D955F0E0090E64E /* Release */,
			);
			defaultConfigurationIsVisible = 0;
		};
		9EB154771D955F0E0090E64E /* Build configuration list for PBXNativeTarget "HelloWorldUITests" */ = {
			isa = XCConfigurationList;
			buildConfigurations = (
				9EB154781D955F0E0090E64E /* Debug */,
				9EB154791D955F0E0090E64E /* Release */,
			);
			defaultConfigurationIsVisible = 0;
		};
/* End XCConfigurationList section */
	};
	rootObject = 9EB154411D955F0D0090E64E /* Project object */;
}
